// !$*UTF8*$!
{
	archiveVersion = 1;
	classes = {
	};
	objectVersion = 46;
	objects = {

/* Begin PBXBuildFile section */
		2E4B4D85EFF7238CC6012A74 /* libPods-HHP.a in Frameworks */ = {isa = PBXBuildFile; fileRef = 27FD883FCF84CD94FA891D93 /* libPods-HHP.a */; };
		DA2CFB6E1C4E84760032E740 /* main.m in Sources */ = {isa = PBXBuildFile; fileRef = DA2CFB6D1C4E84760032E740 /* main.m */; };
		DA2CFB711C4E84760032E740 /* AppDelegate.m in Sources */ = {isa = PBXBuildFile; fileRef = DA2CFB701C4E84760032E740 /* AppDelegate.m */; };
		DA2CFB771C4E84760032E740 /* Main.storyboard in Resources */ = {isa = PBXBuildFile; fileRef = DA2CFB751C4E84760032E740 /* Main.storyboard */; };
		DA2CFB791C4E84760032E740 /* Assets.xcassets in Resources */ = {isa = PBXBuildFile; fileRef = DA2CFB781C4E84760032E740 /* Assets.xcassets */; };
		DA2CFB7C1C4E84760032E740 /* LaunchScreen.storyboard in Resources */ = {isa = PBXBuildFile; fileRef = DA2CFB7A1C4E84760032E740 /* LaunchScreen.storyboard */; };
		DA2CFB871C4E84770032E740 /* HHPTests.m in Sources */ = {isa = PBXBuildFile; fileRef = DA2CFB861C4E84770032E740 /* HHPTests.m */; };
		DA2CFB921C4E84770032E740 /* HHPUITests.m in Sources */ = {isa = PBXBuildFile; fileRef = DA2CFB911C4E84770032E740 /* HHPUITests.m */; };
		DA2CFBA21C4E96EA0032E740 /* ListViewController.m in Sources */ = {isa = PBXBuildFile; fileRef = DA2CFBA11C4E96EA0032E740 /* ListViewController.m */; };
		DA2CFBA61C4E97C60032E740 /* NewsCell.m in Sources */ = {isa = PBXBuildFile; fileRef = DA2CFBA41C4E97C60032E740 /* NewsCell.m */; };
		DA2CFBA71C4E97C60032E740 /* NewsCell.xib in Resources */ = {isa = PBXBuildFile; fileRef = DA2CFBA51C4E97C60032E740 /* NewsCell.xib */; };
		DA2CFBAA1C4E97D70032E740 /* News.m in Sources */ = {isa = PBXBuildFile; fileRef = DA2CFBA91C4E97D70032E740 /* News.m */; };
/* End PBXBuildFile section */

/* Begin PBXContainerItemProxy section */
		DA2CFB831C4E84770032E740 /* PBXContainerItemProxy */ = {
			isa = PBXContainerItemProxy;
			containerPortal = DA2CFB611C4E84760032E740 /* Project object */;
			proxyType = 1;
			remoteGlobalIDString = DA2CFB681C4E84760032E740;
			remoteInfo = HHP;
		};
		DA2CFB8E1C4E84770032E740 /* PBXContainerItemProxy */ = {
			isa = PBXContainerItemProxy;
			containerPortal = DA2CFB611C4E84760032E740 /* Project object */;
			proxyType = 1;
			remoteGlobalIDString = DA2CFB681C4E84760032E740;
			remoteInfo = HHP;
		};
/* End PBXContainerItemProxy section */

/* Begin PBXFileReference section */
		1A8626EA2A8F6034977F1950 /* Pods-HHP.debug.xcconfig */ = {isa = PBXFileReference; includeInIndex = 1; lastKnownFileType = text.xcconfig; name = "Pods-HHP.debug.xcconfig"; path = "Pods/Target Support Files/Pods-HHP/Pods-HHP.debug.xcconfig"; sourceTree = "<group>"; };
		27FD883FCF84CD94FA891D93 /* libPods-HHP.a */ = {isa = PBXFileReference; explicitFileType = archive.ar; includeInIndex = 0; path = "libPods-HHP.a"; sourceTree = BUILT_PRODUCTS_DIR; };
		DA2CFB691C4E84760032E740 /* HHP.app */ = {isa = PBXFileReference; explicitFileType = wrapper.application; includeInIndex = 0; path = HHP.app; sourceTree = BUILT_PRODUCTS_DIR; };
		DA2CFB6D1C4E84760032E740 /* main.m */ = {isa = PBXFileReference; lastKnownFileType = sourcecode.c.objc; path = main.m; sourceTree = "<group>"; };
		DA2CFB6F1C4E84760032E740 /* AppDelegate.h */ = {isa = PBXFileReference; lastKnownFileType = sourcecode.c.h; path = AppDelegate.h; sourceTree = "<group>"; };
		DA2CFB701C4E84760032E740 /* AppDelegate.m */ = {isa = PBXFileReference; lastKnownFileType = sourcecode.c.objc; path = AppDelegate.m; sourceTree = "<group>"; };
		DA2CFB761C4E84760032E740 /* Base */ = {isa = PBXFileReference; lastKnownFileType = file.storyboard; name = Base; path = Base.lproj/Main.storyboard; sourceTree = "<group>"; };
		DA2CFB781C4E84760032E740 /* Assets.xcassets */ = {isa = PBXFileReference; lastKnownFileType = folder.assetcatalog; path = Assets.xcassets; sourceTree = "<group>"; };
		DA2CFB7B1C4E84760032E740 /* Base */ = {isa = PBXFileReference; lastKnownFileType = file.storyboard; name = Base; path = Base.lproj/LaunchScreen.storyboard; sourceTree = "<group>"; };
		DA2CFB7D1C4E84760032E740 /* Info.plist */ = {isa = PBXFileReference; lastKnownFileType = text.plist.xml; path = Info.plist; sourceTree = "<group>"; };
		DA2CFB821C4E84770032E740 /* HHPTests.xctest */ = {isa = PBXFileReference; explicitFileType = wrapper.cfbundle; includeInIndex = 0; path = HHPTests.xctest; sourceTree = BUILT_PRODUCTS_DIR; };
		DA2CFB861C4E84770032E740 /* HHPTests.m */ = {isa = PBXFileReference; lastKnownFileType = sourcecode.c.objc; path = HHPTests.m; sourceTree = "<group>"; };
		DA2CFB881C4E84770032E740 /* Info.plist */ = {isa = PBXFileReference; lastKnownFileType = text.plist.xml; path = Info.plist; sourceTree = "<group>"; };
		DA2CFB8D1C4E84770032E740 /* HHPUITests.xctest */ = {isa = PBXFileReference; explicitFileType = wrapper.cfbundle; includeInIndex = 0; path = HHPUITests.xctest; sourceTree = BUILT_PRODUCTS_DIR; };
		DA2CFB911C4E84770032E740 /* HHPUITests.m */ = {isa = PBXFileReference; lastKnownFileType = sourcecode.c.objc; path = HHPUITests.m; sourceTree = "<group>"; };
		DA2CFB931C4E84770032E740 /* Info.plist */ = {isa = PBXFileReference; lastKnownFileType = text.plist.xml; path = Info.plist; sourceTree = "<group>"; };
		DA2CFBA01C4E96EA0032E740 /* ListViewController.h */ = {isa = PBXFileReference; fileEncoding = 4; lastKnownFileType = sourcecode.c.h; path = ListViewController.h; sourceTree = "<group>"; };
		DA2CFBA11C4E96EA0032E740 /* ListViewController.m */ = {isa = PBXFileReference; fileEncoding = 4; lastKnownFileType = sourcecode.c.objc; path = ListViewController.m; sourceTree = "<group>"; };
		DA2CFBA31C4E97C60032E740 /* NewsCell.h */ = {isa = PBXFileReference; fileEncoding = 4; lastKnownFileType = sourcecode.c.h; path = NewsCell.h; sourceTree = "<group>"; };
		DA2CFBA41C4E97C60032E740 /* NewsCell.m */ = {isa = PBXFileReference; fileEncoding = 4; lastKnownFileType = sourcecode.c.objc; path = NewsCell.m; sourceTree = "<group>"; };
		DA2CFBA51C4E97C60032E740 /* NewsCell.xib */ = {isa = PBXFileReference; fileEncoding = 4; lastKnownFileType = file.xib; path = NewsCell.xib; sourceTree = "<group>"; };
		DA2CFBA81C4E97D70032E740 /* News.h */ = {isa = PBXFileReference; fileEncoding = 4; lastKnownFileType = sourcecode.c.h; path = News.h; sourceTree = "<group>"; };
		DA2CFBA91C4E97D70032E740 /* News.m */ = {isa = PBXFileReference; fileEncoding = 4; lastKnownFileType = sourcecode.c.objc; path = News.m; sourceTree = "<group>"; };
		EFB226AD604A5762B771EE3F /* Pods-HHP.release.xcconfig */ = {isa = PBXFileReference; includeInIndex = 1; lastKnownFileType = text.xcconfig; name = "Pods-HHP.release.xcconfig"; path = "Pods/Target Support Files/Pods-HHP/Pods-HHP.release.xcconfig"; sourceTree = "<group>"; };
/* End PBXFileReference section */

/* Begin PBXFrameworksBuildPhase section */
		DA2CFB661C4E84760032E740 /* Frameworks */ = {
			isa = PBXFrameworksBuildPhase;
			buildActionMask = 2147483647;
			files = (
				2E4B4D85EFF7238CC6012A74 /* libPods-HHP.a in Frameworks */,
			);
			runOnlyForDeploymentPostprocessing = 0;
		};
		DA2CFB7F1C4E84770032E740 /* Frameworks */ = {
			isa = PBXFrameworksBuildPhase;
			buildActionMask = 2147483647;
			files = (
			);
			runOnlyForDeploymentPostprocessing = 0;
		};
		DA2CFB8A1C4E84770032E740 /* Frameworks */ = {
			isa = PBXFrameworksBuildPhase;
			buildActionMask = 2147483647;
			files = (
			);
			runOnlyForDeploymentPostprocessing = 0;
		};
/* End PBXFrameworksBuildPhase section */

/* Begin PBXGroup section */
		844E251EA65EE49547656C06 /* Frameworks */ = {
			isa = PBXGroup;
			children = (
				27FD883FCF84CD94FA891D93 /* libPods-HHP.a */,
			);
			name = Frameworks;
			sourceTree = "<group>";
		};
		CA97032FC16E090B789AB5C8 /* Pods */ = {
			isa = PBXGroup;
			children = (
				1A8626EA2A8F6034977F1950 /* Pods-HHP.debug.xcconfig */,
				EFB226AD604A5762B771EE3F /* Pods-HHP.release.xcconfig */,
			);
			name = Pods;
			sourceTree = "<group>";
		};
		DA2CFB601C4E84760032E740 = {
			isa = PBXGroup;
			children = (
				DA2CFB6B1C4E84760032E740 /* HHP */,
				DA2CFB851C4E84770032E740 /* HHPTests */,
				DA2CFB901C4E84770032E740 /* HHPUITests */,
				DA2CFB6A1C4E84760032E740 /* Products */,
				CA97032FC16E090B789AB5C8 /* Pods */,
				844E251EA65EE49547656C06 /* Frameworks */,
			);
			sourceTree = "<group>";
		};
		DA2CFB6A1C4E84760032E740 /* Products */ = {
			isa = PBXGroup;
			children = (
				DA2CFB691C4E84760032E740 /* HHP.app */,
				DA2CFB821C4E84770032E740 /* HHPTests.xctest */,
				DA2CFB8D1C4E84770032E740 /* HHPUITests.xctest */,
			);
			name = Products;
			sourceTree = "<group>";
		};
		DA2CFB6B1C4E84760032E740 /* HHP */ = {
			isa = PBXGroup;
			children = (
				DA2CFB9F1C4E96BB0032E740 /* One */,
				DA2CFB6F1C4E84760032E740 /* AppDelegate.h */,
				DA2CFB701C4E84760032E740 /* AppDelegate.m */,
				DA2CFB751C4E84760032E740 /* Main.storyboard */,
				DA2CFB781C4E84760032E740 /* Assets.xcassets */,
				DA2CFB7A1C4E84760032E740 /* LaunchScreen.storyboard */,
				DA2CFB7D1C4E84760032E740 /* Info.plist */,
				DA2CFB6C1C4E84760032E740 /* Supporting Files */,
			);
			path = HHP;
			sourceTree = "<group>";
		};
		DA2CFB6C1C4E84760032E740 /* Supporting Files */ = {
			isa = PBXGroup;
			children = (
				DA2CFB6D1C4E84760032E740 /* main.m */,
			);
			name = "Supporting Files";
			sourceTree = "<group>";
		};
		DA2CFB851C4E84770032E740 /* HHPTests */ = {
			isa = PBXGroup;
			children = (
				DA2CFB861C4E84770032E740 /* HHPTests.m */,
				DA2CFB881C4E84770032E740 /* Info.plist */,
			);
			path = HHPTests;
			sourceTree = "<group>";
		};
		DA2CFB901C4E84770032E740 /* HHPUITests */ = {
			isa = PBXGroup;
			children = (
				DA2CFB911C4E84770032E740 /* HHPUITests.m */,
				DA2CFB931C4E84770032E740 /* Info.plist */,
			);
			path = HHPUITests;
			sourceTree = "<group>";
		};
		DA2CFB9F1C4E96BB0032E740 /* One */ = {
			isa = PBXGroup;
			children = (
				DA2CFBA01C4E96EA0032E740 /* ListViewController.h */,
				DA2CFBA11C4E96EA0032E740 /* ListViewController.m */,
				DA2CFBA31C4E97C60032E740 /* NewsCell.h */,
				DA2CFBA41C4E97C60032E740 /* NewsCell.m */,
				DA2CFBA51C4E97C60032E740 /* NewsCell.xib */,
				DA2CFBA81C4E97D70032E740 /* News.h */,
				DA2CFBA91C4E97D70032E740 /* News.m */,
			);
			name = One;
			sourceTree = "<group>";
		};
/* End PBXGroup section */

/* Begin PBXNativeTarget section */
		DA2CFB681C4E84760032E740 /* HHP */ = {
			isa = PBXNativeTarget;
			buildConfigurationList = DA2CFB961C4E84770032E740 /* Build configuration list for PBXNativeTarget "HHP" */;
			buildPhases = (
				971628B1AB2E9569FA7DE990 /* Check Pods Manifest.lock */,
				DA2CFB651C4E84760032E740 /* Sources */,
				DA2CFB661C4E84760032E740 /* Frameworks */,
				DA2CFB671C4E84760032E740 /* Resources */,
				D6B7A4A307A8059BCC045135 /* Embed Pods Frameworks */,
				F3814646ED40F73F7CD3E36B /* Copy Pods Resources */,
			);
			buildRules = (
			);
			dependencies = (
			);
			name = HHP;
			productName = HHP;
			productReference = DA2CFB691C4E84760032E740 /* HHP.app */;
			productType = "com.apple.product-type.application";
		};
		DA2CFB811C4E84770032E740 /* HHPTests */ = {
			isa = PBXNativeTarget;
			buildConfigurationList = DA2CFB991C4E84770032E740 /* Build configuration list for PBXNativeTarget "HHPTests" */;
			buildPhases = (
				DA2CFB7E1C4E84770032E740 /* Sources */,
				DA2CFB7F1C4E84770032E740 /* Frameworks */,
				DA2CFB801C4E84770032E740 /* Resources */,
			);
			buildRules = (
			);
			dependencies = (
				DA2CFB841C4E84770032E740 /* PBXTargetDependency */,
			);
			name = HHPTests;
			productName = HHPTests;
			productReference = DA2CFB821C4E84770032E740 /* HHPTests.xctest */;
			productType = "com.apple.product-type.bundle.unit-test";
		};
		DA2CFB8C1C4E84770032E740 /* HHPUITests */ = {
			isa = PBXNativeTarget;
			buildConfigurationList = DA2CFB9C1C4E84770032E740 /* Build configuration list for PBXNativeTarget "HHPUITests" */;
			buildPhases = (
				DA2CFB891C4E84770032E740 /* Sources */,
				DA2CFB8A1C4E84770032E740 /* Frameworks */,
				DA2CFB8B1C4E84770032E740 /* Resources */,
			);
			buildRules = (
			);
			dependencies = (
				DA2CFB8F1C4E84770032E740 /* PBXTargetDependency */,
			);
			name = HHPUITests;
			productName = HHPUITests;
			productReference = DA2CFB8D1C4E84770032E740 /* HHPUITests.xctest */;
			productType = "com.apple.product-type.bundle.ui-testing";
		};
/* End PBXNativeTarget section */

/* Begin PBXProject section */
		DA2CFB611C4E84760032E740 /* Project object */ = {
			isa = PBXProject;
			attributes = {
				LastUpgradeCheck = 0720;
				ORGANIZATIONNAME = Paul;
				TargetAttributes = {
					DA2CFB681C4E84760032E740 = {
						CreatedOnToolsVersion = 7.2;
					};
					DA2CFB811C4E84770032E740 = {
						CreatedOnToolsVersion = 7.2;
						TestTargetID = DA2CFB681C4E84760032E740;
					};
					DA2CFB8C1C4E84770032E740 = {
						CreatedOnToolsVersion = 7.2;
						TestTargetID = DA2CFB681C4E84760032E740;
					};
				};
			};
			buildConfigurationList = DA2CFB641C4E84760032E740 /* Build configuration list for PBXProject "HHP" */;
			compatibilityVersion = "Xcode 3.2";
			developmentRegion = English;
			hasScannedForEncodings = 0;
			knownRegions = (
				en,
				Base,
			);
			mainGroup = DA2CFB601C4E84760032E740;
			productRefGroup = DA2CFB6A1C4E84760032E740 /* Products */;
			projectDirPath = "";
			projectRoot = "";
			targets = (
				DA2CFB681C4E84760032E740 /* HHP */,
				DA2CFB811C4E84770032E740 /* HHPTests */,
				DA2CFB8C1C4E84770032E740 /* HHPUITests */,
			);
		};
/* End PBXProject section */

/* Begin PBXResourcesBuildPhase section */
		DA2CFB671C4E84760032E740 /* Resources */ = {
			isa = PBXResourcesBuildPhase;
			buildActionMask = 2147483647;
			files = (
				DA2CFB7C1C4E84760032E740 /* LaunchScreen.storyboard in Resources */,
				DA2CFB791C4E84760032E740 /* Assets.xcassets in Resources */,
				DA2CFBA71C4E97C60032E740 /* NewsCell.xib in Resources */,
				DA2CFB771C4E84760032E740 /* Main.storyboard in Resources */,
			);
			runOnlyForDeploymentPostprocessing = 0;
		};
		DA2CFB801C4E84770032E740 /* Resources */ = {
			isa = PBXResourcesBuildPhase;
			buildActionMask = 2147483647;
			files = (
			);
			runOnlyForDeploymentPostprocessing = 0;
		};
		DA2CFB8B1C4E84770032E740 /* Resources */ = {
			isa = PBXResourcesBuildPhase;
			buildActionMask = 2147483647;
			files = (
			);
			runOnlyForDeploymentPostprocessing = 0;
		};
/* End PBXResourcesBuildPhase section */

/* Begin PBXShellScriptBuildPhase section */
		971628B1AB2E9569FA7DE990 /* Check Pods Manifest.lock */ = {
			isa = PBXShellScriptBuildPhase;
			buildActionMask = 2147483647;
			files = (
			);
			inputPaths = (
			);
			name = "Check Pods Manifest.lock";
			outputPaths = (
			);
			runOnlyForDeploymentPostprocessing = 0;
			shellPath = /bin/sh;
			shellScript = "diff \"${PODS_ROOT}/../Podfile.lock\" \"${PODS_ROOT}/Manifest.lock\" > /dev/null\nif [[ $? != 0 ]] ; then\n    cat << EOM\nerror: The sandbox is not in sync with the Podfile.lock. Run 'pod install' or update your CocoaPods installation.\nEOM\n    exit 1\nfi\n";
			showEnvVarsInLog = 0;
		};
		D6B7A4A307A8059BCC045135 /* Embed Pods Frameworks */ = {
			isa = PBXShellScriptBuildPhase;
			buildActionMask = 2147483647;
			files = (
			);
			inputPaths = (
			);
			name = "Embed Pods Frameworks";
			outputPaths = (
			);
			runOnlyForDeploymentPostprocessing = 0;
			shellPath = /bin/sh;
			shellScript = "\"${SRCROOT}/Pods/Target Support Files/Pods-HHP/Pods-HHP-frameworks.sh\"\n";
			showEnvVarsInLog = 0;
		};
		F3814646ED40F73F7CD3E36B /* Copy Pods Resources */ = {
			isa = PBXShellScriptBuildPhase;
			buildActionMask = 2147483647;
			files = (
			);
			inputPaths = (
			);
			name = "Copy Pods Resources";
			outputPaths = (
			);
			runOnlyForDeploymentPostprocessing = 0;
			shellPath = /bin/sh;
			shellScript = "\"${SRCROOT}/Pods/Target Support Files/Pods-HHP/Pods-HHP-resources.sh\"\n";
			showEnvVarsInLog = 0;
		};
/* End PBXShellScriptBuildPhase section */

/* Begin PBXSourcesBuildPhase section */
		DA2CFB651C4E84760032E740 /* Sources */ = {
			isa = PBXSourcesBuildPhase;
			buildActionMask = 2147483647;
			files = (
				DA2CFBAA1C4E97D70032E740 /* News.m in Sources */,
				DA2CFB711C4E84760032E740 /* AppDelegate.m in Sources */,
				DA2CFB6E1C4E84760032E740 /* main.m in Sources */,
				DA2CFBA61C4E97C60032E740 /* NewsCell.m in Sources */,
				DA2CFBA21C4E96EA0032E740 /* ListViewController.m in Sources */,
			);
			runOnlyForDeploymentPostprocessing = 0;
		};
		DA2CFB7E1C4E84770032E740 /* Sources */ = {
			isa = PBXSourcesBuildPhase;
			buildActionMask = 2147483647;
			files = (
				DA2CFB871C4E84770032E740 /* HHPTests.m in Sources */,
			);
			runOnlyForDeploymentPostprocessing = 0;
		};
		DA2CFB891C4E84770032E740 /* Sources */ = {
			isa = PBXSourcesBuildPhase;
			buildActionMask = 2147483647;
			files = (
				DA2CFB921C4E84770032E740 /* HHPUITests.m in Sources */,
			);
			runOnlyForDeploymentPostprocessing = 0;
		};
/* End PBXSourcesBuildPhase section */

/* Begin PBXTargetDependency section */
		DA2CFB841C4E84770032E740 /* PBXTargetDependency */ = {
			isa = PBXTargetDependency;
			target = DA2CFB681C4E84760032E740 /* HHP */;
			targetProxy = DA2CFB831C4E84770032E740 /* PBXContainerItemProxy */;
		};
		DA2CFB8F1C4E84770032E740 /* PBXTargetDependency */ = {
			isa = PBXTargetDependency;
			target = DA2CFB681C4E84760032E740 /* HHP */;
			targetProxy = DA2CFB8E1C4E84770032E740 /* PBXContainerItemProxy */;
		};
/* End PBXTargetDependency section */

/* Begin PBXVariantGroup section */
		DA2CFB751C4E84760032E740 /* Main.storyboard */ = {
			isa = PBXVariantGroup;
			children = (
				DA2CFB761C4E84760032E740 /* Base */,
			);
			name = Main.storyboard;
			sourceTree = "<group>";
		};
		DA2CFB7A1C4E84760032E740 /* LaunchScreen.storyboard */ = {
			isa = PBXVariantGroup;
			children = (
				DA2CFB7B1C4E84760032E740 /* Base */,
			);
			name = LaunchScreen.storyboard;
			sourceTree = "<group>";
		};
/* End PBXVariantGroup section */

/* Begin XCBuildConfiguration section */
		DA2CFB941C4E84770032E740 /* Debug */ = {
			isa = XCBuildConfiguration;
			buildSettings = {
				ALWAYS_SEARCH_USER_PATHS = NO;
				CLANG_CXX_LANGUAGE_STANDARD = "gnu++0x";
				CLANG_CXX_LIBRARY = "libc++";
				CLANG_ENABLE_MODULES = YES;
				CLANG_ENABLE_OBJC_ARC = YES;
				CLANG_WARN_BOOL_CONVERSION = YES;
				CLANG_WARN_CONSTANT_CONVERSION = YES;
				CLANG_WARN_DIRECT_OBJC_ISA_USAGE = YES_ERROR;
				CLANG_WARN_EMPTY_BODY = YES;
				CLANG_WARN_ENUM_CONVERSION = YES;
				CLANG_WARN_INT_CONVERSION = YES;
				CLANG_WARN_OBJC_ROOT_CLASS = YES_ERROR;
				CLANG_WARN_UNREACHABLE_CODE = YES;
				CLANG_WARN__DUPLICATE_METHOD_MATCH = YES;
				"CODE_SIGN_IDENTITY[sdk=iphoneos*]" = "iPhone Developer";
				COPY_PHASE_STRIP = NO;
				DEBUG_INFORMATION_FORMAT = dwarf;
				ENABLE_STRICT_OBJC_MSGSEND = YES;
				ENABLE_TESTABILITY = YES;
				GCC_C_LANGUAGE_STANDARD = gnu99;
				GCC_DYNAMIC_NO_PIC = NO;
				GCC_NO_COMMON_BLOCKS = YES;
				GCC_OPTIMIZATION_LEVEL = 0;
				GCC_PREPROCESSOR_DEFINITIONS = (
					"DEBUG=1",
					"$(inherited)",
				);
				GCC_WARN_64_TO_32_BIT_CONVERSION = YES;
				GCC_WARN_ABOUT_RETURN_TYPE = YES_ERROR;
				GCC_WARN_UNDECLARED_SELECTOR = YES;
				GCC_WARN_UNINITIALIZED_AUTOS = YES_AGGRESSIVE;
				GCC_WARN_UNUSED_FUNCTION = YES;
				GCC_WARN_UNUSED_VARIABLE = YES;
				IPHONEOS_DEPLOYMENT_TARGET = 9.2;
				MTL_ENABLE_DEBUG_INFO = YES;
				ONLY_ACTIVE_ARCH = YES;
				SDKROOT = iphoneos;
				TARGETED_DEVICE_FAMILY = "1,2";
			};
			name = Debug;
		};
		DA2CFB951C4E84770032E740 /* Release */ = {
			isa = XCBuildConfiguration;
			buildSettings = {
				ALWAYS_SEARCH_USER_PATHS = NO;
				CLANG_CXX_LANGUAGE_STANDARD = "gnu++0x";
				CLANG_CXX_LIBRARY = "libc++";
				CLANG_ENABLE_MODULES = YES;
				CLANG_ENABLE_OBJC_ARC = YES;
				CLANG_WARN_BOOL_CONVERSION = YES;
				CLANG_WARN_CONSTANT_CONVERSION = YES;
				CLANG_WARN_DIRECT_OBJC_ISA_USAGE = YES_ERROR;
				CLANG_WARN_EMPTY_BODY = YES;
				CLANG_WARN_ENUM_CONVERSION = YES;
				CLANG_WARN_INT_CONVERSION = YES;
				CLANG_WARN_OBJC_ROOT_CLASS = YES_ERROR;
				CLANG_WARN_UNREACHABLE_CODE = YES;
				CLANG_WARN__DUPLICATE_METHOD_MATCH = YES;
				"CODE_SIGN_IDENTITY[sdk=iphoneos*]" = "iPhone Developer";
				COPY_PHASE_STRIP = NO;
				DEBUG_INFORMATION_FORMAT = "dwarf-with-dsym";
				ENABLE_NS_ASSERTIONS = NO;
				ENABLE_STRICT_OBJC_MSGSEND = YES;
				GCC_C_LANGUAGE_STANDARD = gnu99;
				GCC_NO_COMMON_BLOCKS = YES;
				GCC_WARN_64_TO_32_BIT_CONVERSION = YES;
				GCC_WARN_ABOUT_RETURN_TYPE = YES_ERROR;
				GCC_WARN_UNDECLARED_SELECTOR = YES;
				GCC_WARN_UNINITIALIZED_AUTOS = YES_AGGRESSIVE;
				GCC_WARN_UNUSED_FUNCTION = YES;
				GCC_WARN_UNUSED_VARIABLE = YES;
				IPHONEOS_DEPLOYMENT_TARGET = 9.2;
				MTL_ENABLE_DEBUG_INFO = NO;
				SDKROOT = iphoneos;
				TARGETED_DEVICE_FAMILY = "1,2";
				VALIDATE_PRODUCT = YES;
			};
			name = Release;
		};
		DA2CFB971C4E84770032E740 /* Debug */ = {
			isa = XCBuildConfiguration;
			baseConfigurationReference = 1A8626EA2A8F6034977F1950 /* Pods-HHP.debug.xcconfig */;
			buildSettings = {
				ASSETCATALOG_COMPILER_APPICON_NAME = AppIcon;
				INFOPLIST_FILE = HHP/Info.plist;
				LD_RUNPATH_SEARCH_PATHS = "$(inherited) @executable_path/Frameworks";
				PRODUCT_BUNDLE_IDENTIFIER = hpg.HHP;
				PRODUCT_NAME = "$(TARGET_NAME)";
			};
			name = Debug;
		};
		DA2CFB981C4E84770032E740 /* Release */ = {
			isa = XCBuildConfiguration;
			baseConfigurationReference = EFB226AD604A5762B771EE3F /* Pods-HHP.release.xcconfig */;
			buildSettings = {
				ASSETCATALOG_COMPILER_APPICON_NAME = AppIcon;
				INFOPLIST_FILE = HHP/Info.plist;
				LD_RUNPATH_SEARCH_PATHS = "$(inherited) @executable_path/Frameworks";
				PRODUCT_BUNDLE_IDENTIFIER = hpg.HHP;
				PRODUCT_NAME = "$(TARGET_NAME)";
			};
			name = Release;
		};
		DA2CFB9A1C4E84770032E740 /* Debug */ = {
			isa = XCBuildConfiguration;
			buildSettings = {
				BUNDLE_LOADER = "$(TEST_HOST)";
				INFOPLIST_FILE = HHPTests/Info.plist;
				LD_RUNPATH_SEARCH_PATHS = "$(inherited) @executable_path/Frameworks @loader_path/Frameworks";
				PRODUCT_BUNDLE_IDENTIFIER = hpg.HHPTests;
				PRODUCT_NAME = "$(TARGET_NAME)";
				TEST_HOST = "$(BUILT_PRODUCTS_DIR)/HHP.app/HHP";
			};
			name = Debug;
		};
		DA2CFB9B1C4E84770032E740 /* Release */ = {
			isa = XCBuildConfiguration;
			buildSettings = {
				BUNDLE_LOADER = "$(TEST_HOST)";
				INFOPLIST_FILE = HHPTests/Info.plist;
				LD_RUNPATH_SEARCH_PATHS = "$(inherited) @executable_path/Frameworks @loader_path/Frameworks";
				PRODUCT_BUNDLE_IDENTIFIER = hpg.HHPTests;
				PRODUCT_NAME = "$(TARGET_NAME)";
				TEST_HOST = "$(BUILT_PRODUCTS_DIR)/HHP.app/HHP";
			};
			name = Release;
		};
		DA2CFB9D1C4E84770032E740 /* Debug */ = {
			isa = XCBuildConfiguration;
			buildSettings = {
				INFOPLIST_FILE = HHPUITests/Info.plist;
				LD_RUNPATH_SEARCH_PATHS = "$(inherited) @executable_path/Frameworks @loader_path/Frameworks";
				PRODUCT_BUNDLE_IDENTIFIER = hpg.HHPUITests;
				PRODUCT_NAME = "$(TARGET_NAME)";
				TEST_TARGET_NAME = HHP;
				USES_XCTRUNNER = YES;
			};
			name = Debug;
		};
		DA2CFB9E1C4E84770032E740 /* Release */ = {
			isa = XCBuildConfiguration;
			buildSettings = {
				INFOPLIST_FILE = HHPUITests/Info.plist;
				LD_RUNPATH_SEARCH_PATHS = "$(inherited) @executable_path/Frameworks @loader_path/Frameworks";
				PRODUCT_BUNDLE_IDENTIFIER = hpg.HHPUITests;
				PRODUCT_NAME = "$(TARGET_NAME)";
				TEST_TARGET_NAME = HHP;
				USES_XCTRUNNER = YES;
			};
			name = Release;
		};
/* End XCBuildConfiguration section */

/* Begin XCConfigurationList section */
		DA2CFB641C4E84760032E740 /* Build configuration list for PBXProject "HHP" */ = {
			isa = XCConfigurationList;
			buildConfigurations = (
				DA2CFB941C4E84770032E740 /* Debug */,
				DA2CFB951C4E84770032E740 /* Release */,
			);
			defaultConfigurationIsVisible = 0;
			defaultConfigurationName = Release;
		};
		DA2CFB961C4E84770032E740 /* Build configuration list for PBXNativeTarget "HHP" */ = {
			isa = XCConfigurationList;
			buildConfigurations = (
				DA2CFB971C4E84770032E740 /* Debug */,
				DA2CFB981C4E84770032E740 /* Release */,
			);
			defaultConfigurationIsVisible = 0;
			defaultConfigurationName = Release;
		};
		DA2CFB991C4E84770032E740 /* Build configuration list for PBXNativeTarget "HHPTests" */ = {
			isa = XCConfigurationList;
			buildConfigurations = (
				DA2CFB9A1C4E84770032E740 /* Debug */,
				DA2CFB9B1C4E84770032E740 /* Release */,
			);
			defaultConfigurationIsVisible = 0;
			defaultConfigurationName = Release;
		};
		DA2CFB9C1C4E84770032E740 /* Build configuration list for PBXNativeTarget "HHPUITests" */ = {
			isa = XCConfigurationList;
			buildConfigurations = (
				DA2CFB9D1C4E84770032E740 /* Debug */,
				DA2CFB9E1C4E84770032E740 /* Release */,
			);
			defaultConfigurationIsVisible = 0;
			defaultConfigurationName = Release;
		};
/* End XCConfigurationList section */
	};
	rootObject = DA2CFB611C4E84760032E740 /* Project object */;
}
